// !$*UTF8*$!
{
	archiveVersion = 1;
	classes = {
	};
	objectVersion = 56;
	objects = {

/* Begin PBXBuildFile section */
		9F1D8A8F29245E3700DCAAC9 /* FavoriteButton.swift in Sources */ = {isa = PBXBuildFile; fileRef = 9F1D8A8E29245E3700DCAAC9 /* FavoriteButton.swift */; };
		9FDA69232922F41900325A36 /* LandmarksApp.swift in Sources */ = {isa = PBXBuildFile; fileRef = 9FDA69222922F41900325A36 /* LandmarksApp.swift */; };
		9FDA69252922F41900325A36 /* ContentView.swift in Sources */ = {isa = PBXBuildFile; fileRef = 9FDA69242922F41900325A36 /* ContentView.swift */; };
		9FDA69272922F41A00325A36 /* Assets.xcassets in Resources */ = {isa = PBXBuildFile; fileRef = 9FDA69262922F41A00325A36 /* Assets.xcassets */; };
		9FDA692A2922F41A00325A36 /* Preview Assets.xcassets in Resources */ = {isa = PBXBuildFile; fileRef = 9FDA69292922F41A00325A36 /* Preview Assets.xcassets */; };
		9FDA69342922F41A00325A36 /* LandmarksTests.swift in Sources */ = {isa = PBXBuildFile; fileRef = 9FDA69332922F41A00325A36 /* LandmarksTests.swift */; };
		9FDA693E2922F41A00325A36 /* LandmarksUITests.swift in Sources */ = {isa = PBXBuildFile; fileRef = 9FDA693D2922F41A00325A36 /* LandmarksUITests.swift */; };
		9FDA69402922F41A00325A36 /* LandmarksUITestsLaunchTests.swift in Sources */ = {isa = PBXBuildFile; fileRef = 9FDA693F2922F41A00325A36 /* LandmarksUITestsLaunchTests.swift */; };
		9FDA694D2922FE0200325A36 /* CircleImage.swift in Sources */ = {isa = PBXBuildFile; fileRef = 9FDA694C2922FE0200325A36 /* CircleImage.swift */; };
		9FDA694F2922FFDC00325A36 /* MapView.swift in Sources */ = {isa = PBXBuildFile; fileRef = 9FDA694E2922FFDC00325A36 /* MapView.swift */; };
		9FDA695129230B2A00325A36 /* landmarkData.json in Resources */ = {isa = PBXBuildFile; fileRef = 9FDA695029230B2A00325A36 /* landmarkData.json */; };
		9FDA695329230B5800325A36 /* Landmark.swift in Sources */ = {isa = PBXBuildFile; fileRef = 9FDA695229230B5800325A36 /* Landmark.swift */; };
		9FDA695529230E0900325A36 /* ModelData.swift in Sources */ = {isa = PBXBuildFile; fileRef = 9FDA695429230E0900325A36 /* ModelData.swift */; };
		9FDA695A2923169000325A36 /* LandmarkRow.swift in Sources */ = {isa = PBXBuildFile; fileRef = 9FDA69592923169000325A36 /* LandmarkRow.swift */; };
		9FDA695C292322FC00325A36 /* LandmarkList.swift in Sources */ = {isa = PBXBuildFile; fileRef = 9FDA695B292322FC00325A36 /* LandmarkList.swift */; };
		9FDA695E292324CE00325A36 /* LandmarkDetail.swift in Sources */ = {isa = PBXBuildFile; fileRef = 9FDA695D292324CE00325A36 /* LandmarkDetail.swift */; };
		9FEB055C29246BE700063B30 /* HexagonParameters.swift in Sources */ = {isa = PBXBuildFile; fileRef = 9FEB055B29246BE700063B30 /* HexagonParameters.swift */; };
		9FEB055E29246F6100063B30 /* BadgeBackground.swift in Sources */ = {isa = PBXBuildFile; fileRef = 9FEB055D29246F6100063B30 /* BadgeBackground.swift */; };
		9FEB05602924797A00063B30 /* BadgeSymbol.swift in Sources */ = {isa = PBXBuildFile; fileRef = 9FEB055F2924797A00063B30 /* BadgeSymbol.swift */; };
		9FEB056229247BCE00063B30 /* RotatedBadgeSymbol.swift in Sources */ = {isa = PBXBuildFile; fileRef = 9FEB056129247BCE00063B30 /* RotatedBadgeSymbol.swift */; };
		9FEB056429255AD400063B30 /* Badge.swift in Sources */ = {isa = PBXBuildFile; fileRef = 9FEB056329255AD400063B30 /* Badge.swift */; };
		9FEB0567292563E700063B30 /* hikeData.json in Resources */ = {isa = PBXBuildFile; fileRef = 9FEB0566292563E700063B30 /* hikeData.json */; };
		9FEB05692925643700063B30 /* Hike.swift in Sources */ = {isa = PBXBuildFile; fileRef = 9FEB05682925643700063B30 /* Hike.swift */; };
		9FEB056F2925667200063B30 /* GraphCapsule.swift in Sources */ = {isa = PBXBuildFile; fileRef = 9FEB056B2925667200063B30 /* GraphCapsule.swift */; };
		9FEB05702925667200063B30 /* HikeGraph.swift in Sources */ = {isa = PBXBuildFile; fileRef = 9FEB056C2925667200063B30 /* HikeGraph.swift */; };
		9FEB05712925667200063B30 /* HikeDetail.swift in Sources */ = {isa = PBXBuildFile; fileRef = 9FEB056D2925667200063B30 /* HikeDetail.swift */; };
		9FEB05722925667200063B30 /* HikeView.swift in Sources */ = {isa = PBXBuildFile; fileRef = 9FEB056E2925667200063B30 /* HikeView.swift */; };
		9FEB05752925960D00063B30 /* CategoryHome.swift in Sources */ = {isa = PBXBuildFile; fileRef = 9FEB05742925960D00063B30 /* CategoryHome.swift */; };
		9FEB05772925997200063B30 /* CategoryRow.swift in Sources */ = {isa = PBXBuildFile; fileRef = 9FEB05762925997200063B30 /* CategoryRow.swift */; };
		9FEB057929259C8200063B30 /* CategoryItem.swift in Sources */ = {isa = PBXBuildFile; fileRef = 9FEB057829259C8200063B30 /* CategoryItem.swift */; };
		9FEB057B2926B90300063B30 /* Profile.swift in Sources */ = {isa = PBXBuildFile; fileRef = 9FEB057A2926B90300063B30 /* Profile.swift */; };
		9FEB057E2926BB2600063B30 /* ProfileHost.swift in Sources */ = {isa = PBXBuildFile; fileRef = 9FEB057D2926BB2600063B30 /* ProfileHost.swift */; };
		9FEB05802926BD3800063B30 /* ProfileSummary.swift in Sources */ = {isa = PBXBuildFile; fileRef = 9FEB057F2926BD3800063B30 /* ProfileSummary.swift */; };
		9FEB05822926BEFD00063B30 /* HikeBadge.swift in Sources */ = {isa = PBXBuildFile; fileRef = 9FEB05812926BEFD00063B30 /* HikeBadge.swift */; };
/* End PBXBuildFile section */

/* Begin PBXContainerItemProxy section */
		9FDA69302922F41A00325A36 /* PBXContainerItemProxy */ = {
			isa = PBXContainerItemProxy;
			containerPortal = 9FDA69172922F41900325A36 /* Project object */;
			proxyType = 1;
			remoteGlobalIDString = 9FDA691E2922F41900325A36;
			remoteInfo = Landmarks;
		};
		9FDA693A2922F41A00325A36 /* PBXContainerItemProxy */ = {
			isa = PBXContainerItemProxy;
			containerPortal = 9FDA69172922F41900325A36 /* Project object */;
			proxyType = 1;
			remoteGlobalIDString = 9FDA691E2922F41900325A36;
			remoteInfo = Landmarks;
		};
/* End PBXContainerItemProxy section */

/* Begin PBXFileReference section */
		9F1D8A8E29245E3700DCAAC9 /* FavoriteButton.swift */ = {isa = PBXFileReference; lastKnownFileType = sourcecode.swift; path = FavoriteButton.swift; sourceTree = "<group>"; };
		9FDA691F2922F41900325A36 /* Landmarks.app */ = {isa = PBXFileReference; explicitFileType = wrapper.application; includeInIndex = 0; path = Landmarks.app; sourceTree = BUILT_PRODUCTS_DIR; };
		9FDA69222922F41900325A36 /* LandmarksApp.swift */ = {isa = PBXFileReference; lastKnownFileType = sourcecode.swift; path = LandmarksApp.swift; sourceTree = "<group>"; };
		9FDA69242922F41900325A36 /* ContentView.swift */ = {isa = PBXFileReference; lastKnownFileType = sourcecode.swift; path = ContentView.swift; sourceTree = "<group>"; };
		9FDA69262922F41A00325A36 /* Assets.xcassets */ = {isa = PBXFileReference; lastKnownFileType = folder.assetcatalog; path = Assets.xcassets; sourceTree = "<group>"; };
		9FDA69292922F41A00325A36 /* Preview Assets.xcassets */ = {isa = PBXFileReference; lastKnownFileType = folder.assetcatalog; path = "Preview Assets.xcassets"; sourceTree = "<group>"; };
		9FDA692F2922F41A00325A36 /* LandmarksTests.xctest */ = {isa = PBXFileReference; explicitFileType = wrapper.cfbundle; includeInIndex = 0; path = LandmarksTests.xctest; sourceTree = BUILT_PRODUCTS_DIR; };
		9FDA69332922F41A00325A36 /* LandmarksTests.swift */ = {isa = PBXFileReference; lastKnownFileType = sourcecode.swift; path = LandmarksTests.swift; sourceTree = "<group>"; };
		9FDA69392922F41A00325A36 /* LandmarksUITests.xctest */ = {isa = PBXFileReference; explicitFileType = wrapper.cfbundle; includeInIndex = 0; path = LandmarksUITests.xctest; sourceTree = BUILT_PRODUCTS_DIR; };
		9FDA693D2922F41A00325A36 /* LandmarksUITests.swift */ = {isa = PBXFileReference; lastKnownFileType = sourcecode.swift; path = LandmarksUITests.swift; sourceTree = "<group>"; };
		9FDA693F2922F41A00325A36 /* LandmarksUITestsLaunchTests.swift */ = {isa = PBXFileReference; lastKnownFileType = sourcecode.swift; path = LandmarksUITestsLaunchTests.swift; sourceTree = "<group>"; };
		9FDA694C2922FE0200325A36 /* CircleImage.swift */ = {isa = PBXFileReference; lastKnownFileType = sourcecode.swift; path = CircleImage.swift; sourceTree = "<group>"; };
		9FDA694E2922FFDC00325A36 /* MapView.swift */ = {isa = PBXFileReference; lastKnownFileType = sourcecode.swift; path = MapView.swift; sourceTree = "<group>"; };
		9FDA695029230B2A00325A36 /* landmarkData.json */ = {isa = PBXFileReference; fileEncoding = 4; lastKnownFileType = text.json; path = landmarkData.json; sourceTree = "<group>"; };
		9FDA695229230B5800325A36 /* Landmark.swift */ = {isa = PBXFileReference; lastKnownFileType = sourcecode.swift; path = Landmark.swift; sourceTree = "<group>"; };
		9FDA695429230E0900325A36 /* ModelData.swift */ = {isa = PBXFileReference; lastKnownFileType = sourcecode.swift; path = ModelData.swift; sourceTree = "<group>"; };
		9FDA69592923169000325A36 /* LandmarkRow.swift */ = {isa = PBXFileReference; lastKnownFileType = sourcecode.swift; name = LandmarkRow.swift; path = Landmarks/Views/Landmarks/LandmarkRow.swift; sourceTree = SOURCE_ROOT; };
		9FDA695B292322FC00325A36 /* LandmarkList.swift */ = {isa = PBXFileReference; lastKnownFileType = sourcecode.swift; path = LandmarkList.swift; sourceTree = "<group>"; };
		9FDA695D292324CE00325A36 /* LandmarkDetail.swift */ = {isa = PBXFileReference; lastKnownFileType = sourcecode.swift; path = LandmarkDetail.swift; sourceTree = "<group>"; };
		9FEB055B29246BE700063B30 /* HexagonParameters.swift */ = {isa = PBXFileReference; lastKnownFileType = sourcecode.swift; path = HexagonParameters.swift; sourceTree = "<group>"; };
		9FEB055D29246F6100063B30 /* BadgeBackground.swift */ = {isa = PBXFileReference; lastKnownFileType = sourcecode.swift; path = BadgeBackground.swift; sourceTree = "<group>"; };
		9FEB055F2924797A00063B30 /* BadgeSymbol.swift */ = {isa = PBXFileReference; lastKnownFileType = sourcecode.swift; path = BadgeSymbol.swift; sourceTree = "<group>"; };
		9FEB056129247BCE00063B30 /* RotatedBadgeSymbol.swift */ = {isa = PBXFileReference; lastKnownFileType = sourcecode.swift; path = RotatedBadgeSymbol.swift; sourceTree = "<group>"; };
		9FEB056329255AD400063B30 /* Badge.swift */ = {isa = PBXFileReference; lastKnownFileType = sourcecode.swift; path = Badge.swift; sourceTree = "<group>"; };
		9FEB0566292563E700063B30 /* hikeData.json */ = {isa = PBXFileReference; fileEncoding = 4; lastKnownFileType = text.json; path = hikeData.json; sourceTree = "<group>"; };
		9FEB05682925643700063B30 /* Hike.swift */ = {isa = PBXFileReference; lastKnownFileType = sourcecode.swift; path = Hike.swift; sourceTree = "<group>"; };
		9FEB056B2925667200063B30 /* GraphCapsule.swift */ = {isa = PBXFileReference; fileEncoding = 4; lastKnownFileType = sourcecode.swift; path = GraphCapsule.swift; sourceTree = "<group>"; };
		9FEB056C2925667200063B30 /* HikeGraph.swift */ = {isa = PBXFileReference; fileEncoding = 4; lastKnownFileType = sourcecode.swift; path = HikeGraph.swift; sourceTree = "<group>"; };
		9FEB056D2925667200063B30 /* HikeDetail.swift */ = {isa = PBXFileReference; fileEncoding = 4; lastKnownFileType = sourcecode.swift; path = HikeDetail.swift; sourceTree = "<group>"; };
		9FEB056E2925667200063B30 /* HikeView.swift */ = {isa = PBXFileReference; fileEncoding = 4; lastKnownFileType = sourcecode.swift; path = HikeView.swift; sourceTree = "<group>"; };
		9FEB05742925960D00063B30 /* CategoryHome.swift */ = {isa = PBXFileReference; lastKnownFileType = sourcecode.swift; path = CategoryHome.swift; sourceTree = "<group>"; };
		9FEB05762925997200063B30 /* CategoryRow.swift */ = {isa = PBXFileReference; lastKnownFileType = sourcecode.swift; path = CategoryRow.swift; sourceTree = "<group>"; };
		9FEB057829259C8200063B30 /* CategoryItem.swift */ = {isa = PBXFileReference; lastKnownFileType = sourcecode.swift; path = CategoryItem.swift; sourceTree = "<group>"; };
		9FEB057A2926B90300063B30 /* Profile.swift */ = {isa = PBXFileReference; lastKnownFileType = sourcecode.swift; path = Profile.swift; sourceTree = "<group>"; };
		9FEB057D2926BB2600063B30 /* ProfileHost.swift */ = {isa = PBXFileReference; lastKnownFileType = sourcecode.swift; path = ProfileHost.swift; sourceTree = "<group>"; };
		9FEB057F2926BD3800063B30 /* ProfileSummary.swift */ = {isa = PBXFileReference; lastKnownFileType = sourcecode.swift; path = ProfileSummary.swift; sourceTree = "<group>"; };
		9FEB05812926BEFD00063B30 /* HikeBadge.swift */ = {isa = PBXFileReference; lastKnownFileType = sourcecode.swift; path = HikeBadge.swift; sourceTree = "<group>"; };
/* End PBXFileReference section */

/* Begin PBXFrameworksBuildPhase section */
		9FDA691C2922F41900325A36 /* Frameworks */ = {
			isa = PBXFrameworksBuildPhase;
			buildActionMask = 2147483647;
			files = (
			);
			runOnlyForDeploymentPostprocessing = 0;
		};
		9FDA692C2922F41A00325A36 /* Frameworks */ = {
			isa = PBXFrameworksBuildPhase;
			buildActionMask = 2147483647;
			files = (
			);
			runOnlyForDeploymentPostprocessing = 0;
		};
		9FDA69362922F41A00325A36 /* Frameworks */ = {
			isa = PBXFrameworksBuildPhase;
			buildActionMask = 2147483647;
			files = (
			);
			runOnlyForDeploymentPostprocessing = 0;
		};
/* End PBXFrameworksBuildPhase section */

/* Begin PBXGroup section */
		9F1D8A9029245F6300DCAAC9 /* Helpers */ = {
			isa = PBXGroup;
			children = (
				9FDA694C2922FE0200325A36 /* CircleImage.swift */,
				9FDA694E2922FFDC00325A36 /* MapView.swift */,
				9F1D8A8E29245E3700DCAAC9 /* FavoriteButton.swift */,
			);
			path = Helpers;
			sourceTree = "<group>";
		};
		9F1D8A9129245F9800DCAAC9 /* Landmarks */ = {
			isa = PBXGroup;
			children = (
				9FDA69592923169000325A36 /* LandmarkRow.swift */,
				9FDA695B292322FC00325A36 /* LandmarkList.swift */,
				9FDA695D292324CE00325A36 /* LandmarkDetail.swift */,
			);
			path = Landmarks;
			sourceTree = "<group>";
		};
		9FDA69162922F41900325A36 = {
			isa = PBXGroup;
			children = (
				9FDA69212922F41900325A36 /* Landmarks */,
				9FDA69322922F41A00325A36 /* LandmarksTests */,
				9FDA693C2922F41A00325A36 /* LandmarksUITests */,
				9FDA69202922F41900325A36 /* Products */,
			);
			sourceTree = "<group>";
		};
		9FDA69202922F41900325A36 /* Products */ = {
			isa = PBXGroup;
			children = (
				9FDA691F2922F41900325A36 /* Landmarks.app */,
				9FDA692F2922F41A00325A36 /* LandmarksTests.xctest */,
				9FDA69392922F41A00325A36 /* LandmarksUITests.xctest */,
			);
			name = Products;
			sourceTree = "<group>";
		};
		9FDA69212922F41900325A36 /* Landmarks */ = {
			isa = PBXGroup;
			children = (
				9FDA69222922F41900325A36 /* LandmarksApp.swift */,
				9FDA69262922F41A00325A36 /* Assets.xcassets */,
				9FDA69562923129900325A36 /* Views */,
				9FDA6958292314F400325A36 /* Model */,
				9FDA69572923148F00325A36 /* Resources */,
				9FDA69282922F41A00325A36 /* Preview Content */,
			);
			path = Landmarks;
			sourceTree = "<group>";
		};
		9FDA69282922F41A00325A36 /* Preview Content */ = {
			isa = PBXGroup;
			children = (
				9FDA69292922F41A00325A36 /* Preview Assets.xcassets */,
			);
			path = "Preview Content";
			sourceTree = "<group>";
		};
		9FDA69322922F41A00325A36 /* LandmarksTests */ = {
			isa = PBXGroup;
			children = (
				9FDA69332922F41A00325A36 /* LandmarksTests.swift */,
			);
			path = LandmarksTests;
			sourceTree = "<group>";
		};
		9FDA693C2922F41A00325A36 /* LandmarksUITests */ = {
			isa = PBXGroup;
			children = (
				9FDA693D2922F41A00325A36 /* LandmarksUITests.swift */,
				9FDA693F2922F41A00325A36 /* LandmarksUITestsLaunchTests.swift */,
			);
			path = LandmarksUITests;
			sourceTree = "<group>";
		};
		9FDA69562923129900325A36 /* Views */ = {
			isa = PBXGroup;
			children = (
				9FEB057C2926BB0D00063B30 /* Profiles */,
				9FDA69242922F41900325A36 /* ContentView.swift */,
				9FEB0573292595EC00063B30 /* Categories */,
				9FEB056A2925667200063B30 /* Hikes */,
				9F1D8A9129245F9800DCAAC9 /* Landmarks */,
				9F1D8A9029245F6300DCAAC9 /* Helpers */,
				9FEB056529255D6400063B30 /* Badges */,
			);
			path = Views;
			sourceTree = "<group>";
		};
		9FDA69572923148F00325A36 /* Resources */ = {
			isa = PBXGroup;
			children = (
				9FEB0566292563E700063B30 /* hikeData.json */,
				9FDA695029230B2A00325A36 /* landmarkData.json */,
			);
			path = Resources;
			sourceTree = "<group>";
		};
		9FDA6958292314F400325A36 /* Model */ = {
			isa = PBXGroup;
			children = (
				9FDA695429230E0900325A36 /* ModelData.swift */,
				9FDA695229230B5800325A36 /* Landmark.swift */,
				9FEB05682925643700063B30 /* Hike.swift */,
				9FEB057A2926B90300063B30 /* Profile.swift */,
			);
			path = Model;
			sourceTree = "<group>";
		};
		9FEB056529255D6400063B30 /* Badges */ = {
			isa = PBXGroup;
			children = (
				9FEB056329255AD400063B30 /* Badge.swift */,
				9FEB055D29246F6100063B30 /* BadgeBackground.swift */,
				9FEB055F2924797A00063B30 /* BadgeSymbol.swift */,
				9FEB056129247BCE00063B30 /* RotatedBadgeSymbol.swift */,
				9FEB055B29246BE700063B30 /* HexagonParameters.swift */,
			);
			path = Badges;
			sourceTree = "<group>";
		};
		9FEB056A2925667200063B30 /* Hikes */ = {
			isa = PBXGroup;
			children = (
				9FEB056B2925667200063B30 /* GraphCapsule.swift */,
				9FEB056C2925667200063B30 /* HikeGraph.swift */,
				9FEB056D2925667200063B30 /* HikeDetail.swift */,
				9FEB056E2925667200063B30 /* HikeView.swift */,
				9FEB05812926BEFD00063B30 /* HikeBadge.swift */,
			);
			path = Hikes;
			sourceTree = "<group>";
		};
		9FEB0573292595EC00063B30 /* Categories */ = {
			isa = PBXGroup;
			children = (
				9FEB05742925960D00063B30 /* CategoryHome.swift */,
				9FEB05762925997200063B30 /* CategoryRow.swift */,
				9FEB057829259C8200063B30 /* CategoryItem.swift */,
			);
			path = Categories;
			sourceTree = "<group>";
		};
		9FEB057C2926BB0D00063B30 /* Profiles */ = {
			isa = PBXGroup;
			children = (
				9FEB057D2926BB2600063B30 /* ProfileHost.swift */,
				9FEB057F2926BD3800063B30 /* ProfileSummary.swift */,
			);
			path = Profiles;
			sourceTree = "<group>";
		};
/* End PBXGroup section */

/* Begin PBXNativeTarget section */
		9FDA691E2922F41900325A36 /* Landmarks */ = {
			isa = PBXNativeTarget;
			buildConfigurationList = 9FDA69432922F41A00325A36 /* Build configuration list for PBXNativeTarget "Landmarks" */;
			buildPhases = (
				9FDA691B2922F41900325A36 /* Sources */,
				9FDA691C2922F41900325A36 /* Frameworks */,
				9FDA691D2922F41900325A36 /* Resources */,
			);
			buildRules = (
			);
			dependencies = (
			);
			name = Landmarks;
			productName = Landmarks;
			productReference = 9FDA691F2922F41900325A36 /* Landmarks.app */;
			productType = "com.apple.product-type.application";
		};
		9FDA692E2922F41A00325A36 /* LandmarksTests */ = {
			isa = PBXNativeTarget;
			buildConfigurationList = 9FDA69462922F41A00325A36 /* Build configuration list for PBXNativeTarget "LandmarksTests" */;
			buildPhases = (
				9FDA692B2922F41A00325A36 /* Sources */,
				9FDA692C2922F41A00325A36 /* Frameworks */,
				9FDA692D2922F41A00325A36 /* Resources */,
			);
			buildRules = (
			);
			dependencies = (
				9FDA69312922F41A00325A36 /* PBXTargetDependency */,
			);
			name = LandmarksTests;
			productName = LandmarksTests;
			productReference = 9FDA692F2922F41A00325A36 /* LandmarksTests.xctest */;
			productType = "com.apple.product-type.bundle.unit-test";
		};
		9FDA69382922F41A00325A36 /* LandmarksUITests */ = {
			isa = PBXNativeTarget;
			buildConfigurationList = 9FDA69492922F41A00325A36 /* Build configuration list for PBXNativeTarget "LandmarksUITests" */;
			buildPhases = (
				9FDA69352922F41A00325A36 /* Sources */,
				9FDA69362922F41A00325A36 /* Frameworks */,
				9FDA69372922F41A00325A36 /* Resources */,
			);
			buildRules = (
			);
			dependencies = (
				9FDA693B2922F41A00325A36 /* PBXTargetDependency */,
			);
			name = LandmarksUITests;
			productName = LandmarksUITests;
			productReference = 9FDA69392922F41A00325A36 /* LandmarksUITests.xctest */;
			productType = "com.apple.product-type.bundle.ui-testing";
		};
/* End PBXNativeTarget section */

/* Begin PBXProject section */
		9FDA69172922F41900325A36 /* Project object */ = {
			isa = PBXProject;
			attributes = {
				BuildIndependentTargetsInParallel = 1;
				LastSwiftUpdateCheck = 1410;
				LastUpgradeCheck = 1410;
				TargetAttributes = {
					9FDA691E2922F41900325A36 = {
						CreatedOnToolsVersion = 14.1;
					};
					9FDA692E2922F41A00325A36 = {
						CreatedOnToolsVersion = 14.1;
						TestTargetID = 9FDA691E2922F41900325A36;
					};
					9FDA69382922F41A00325A36 = {
						CreatedOnToolsVersion = 14.1;
						TestTargetID = 9FDA691E2922F41900325A36;
					};
				};
			};
			buildConfigurationList = 9FDA691A2922F41900325A36 /* Build configuration list for PBXProject "Landmarks" */;
			compatibilityVersion = "Xcode 14.0";
			developmentRegion = en;
			hasScannedForEncodings = 0;
			knownRegions = (
				en,
				Base,
			);
			mainGroup = 9FDA69162922F41900325A36;
			productRefGroup = 9FDA69202922F41900325A36 /* Products */;
			projectDirPath = "";
			projectRoot = "";
			targets = (
				9FDA691E2922F41900325A36 /* Landmarks */,
				9FDA692E2922F41A00325A36 /* LandmarksTests */,
				9FDA69382922F41A00325A36 /* LandmarksUITests */,
			);
		};
/* End PBXProject section */

/* Begin PBXResourcesBuildPhase section */
		9FDA691D2922F41900325A36 /* Resources */ = {
			isa = PBXResourcesBuildPhase;
			buildActionMask = 2147483647;
			files = (
				9FEB0567292563E700063B30 /* hikeData.json in Resources */,
				9FDA692A2922F41A00325A36 /* Preview Assets.xcassets in Resources */,
				9FDA69272922F41A00325A36 /* Assets.xcassets in Resources */,
				9FDA695129230B2A00325A36 /* landmarkData.json in Resources */,
			);
			runOnlyForDeploymentPostprocessing = 0;
		};
		9FDA692D2922F41A00325A36 /* Resources */ = {
			isa = PBXResourcesBuildPhase;
			buildActionMask = 2147483647;
			files = (
			);
			runOnlyForDeploymentPostprocessing = 0;
		};
		9FDA69372922F41A00325A36 /* Resources */ = {
			isa = PBXResourcesBuildPhase;
			buildActionMask = 2147483647;
			files = (
			);
			runOnlyForDeploymentPostprocessing = 0;
		};
/* End PBXResourcesBuildPhase section */

/* Begin PBXSourcesBuildPhase section */
		9FDA691B2922F41900325A36 /* Sources */ = {
			isa = PBXSourcesBuildPhase;
			buildActionMask = 2147483647;
			files = (
				9FEB05772925997200063B30 /* CategoryRow.swift in Sources */,
				9FEB057B2926B90300063B30 /* Profile.swift in Sources */,
				9FDA69252922F41900325A36 /* ContentView.swift in Sources */,
				9FEB05752925960D00063B30 /* CategoryHome.swift in Sources */,
				9FEB05702925667200063B30 /* HikeGraph.swift in Sources */,
				9FEB056429255AD400063B30 /* Badge.swift in Sources */,
				9FDA694F2922FFDC00325A36 /* MapView.swift in Sources */,
				9FEB056F2925667200063B30 /* GraphCapsule.swift in Sources */,
				9FDA69232922F41900325A36 /* LandmarksApp.swift in Sources */,
				9F1D8A8F29245E3700DCAAC9 /* FavoriteButton.swift in Sources */,
				9FEB057929259C8200063B30 /* CategoryItem.swift in Sources */,
				9FEB05712925667200063B30 /* HikeDetail.swift in Sources */,
				9FEB05802926BD3800063B30 /* ProfileSummary.swift in Sources */,
				9FEB055C29246BE700063B30 /* HexagonParameters.swift in Sources */,
				9FEB057E2926BB2600063B30 /* ProfileHost.swift in Sources */,
				9FEB05692925643700063B30 /* Hike.swift in Sources */,
				9FEB056229247BCE00063B30 /* RotatedBadgeSymbol.swift in Sources */,
				9FEB05602924797A00063B30 /* BadgeSymbol.swift in Sources */,
				9FDA695C292322FC00325A36 /* LandmarkList.swift in Sources */,
				9FEB05722925667200063B30 /* HikeView.swift in Sources */,
				9FDA695E292324CE00325A36 /* LandmarkDetail.swift in Sources */,
				9FEB055E29246F6100063B30 /* BadgeBackground.swift in Sources */,
				9FEB05822926BEFD00063B30 /* HikeBadge.swift in Sources */,
				9FDA694D2922FE0200325A36 /* CircleImage.swift in Sources */,
				9FDA695329230B5800325A36 /* Landmark.swift in Sources */,
				9FDA695A2923169000325A36 /* LandmarkRow.swift in Sources */,
				9FDA695529230E0900325A36 /* ModelData.swift in Sources */,
			);
			runOnlyForDeploymentPostprocessing = 0;
		};
		9FDA692B2922F41A00325A36 /* Sources */ = {
			isa = PBXSourcesBuildPhase;
			buildActionMask = 2147483647;
			files = (
				9FDA69342922F41A00325A36 /* LandmarksTests.swift in Sources */,
			);
			runOnlyForDeploymentPostprocessing = 0;
		};
		9FDA69352922F41A00325A36 /* Sources */ = {
			isa = PBXSourcesBuildPhase;
			buildActionMask = 2147483647;
			files = (
				9FDA69402922F41A00325A36 /* LandmarksUITestsLaunchTests.swift in Sources */,
				9FDA693E2922F41A00325A36 /* LandmarksUITests.swift in Sources */,
			);
			runOnlyForDeploymentPostprocessing = 0;
		};
/* End PBXSourcesBuildPhase section */

/* Begin PBXTargetDependency section */
		9FDA69312922F41A00325A36 /* PBXTargetDependency */ = {
			isa = PBXTargetDependency;
			target = 9FDA691E2922F41900325A36 /* Landmarks */;
			targetProxy = 9FDA69302922F41A00325A36 /* PBXContainerItemProxy */;
		};
		9FDA693B2922F41A00325A36 /* PBXTargetDependency */ = {
			isa = PBXTargetDependency;
			target = 9FDA691E2922F41900325A36 /* Landmarks */;
			targetProxy = 9FDA693A2922F41A00325A36 /* PBXContainerItemProxy */;
		};
/* End PBXTargetDependency section */

/* Begin XCBuildConfiguration section */
		9FDA69412922F41A00325A36 /* Debug */ = {
			isa = XCBuildConfiguration;
			buildSettings = {
				ALWAYS_SEARCH_USER_PATHS = NO;
				CLANG_ANALYZER_NONNULL = YES;
				CLANG_ANALYZER_NUMBER_OBJECT_CONVERSION = YES_AGGRESSIVE;
				CLANG_CXX_LANGUAGE_STANDARD = "gnu++20";
				CLANG_ENABLE_MODULES = YES;
				CLANG_ENABLE_OBJC_ARC = YES;
				CLANG_ENABLE_OBJC_WEAK = YES;
				CLANG_WARN_BLOCK_CAPTURE_AUTORELEASING = YES;
				CLANG_WARN_BOOL_CONVERSION = YES;
				CLANG_WARN_COMMA = YES;
				CLANG_WARN_CONSTANT_CONVERSION = YES;
				CLANG_WARN_DEPRECATED_OBJC_IMPLEMENTATIONS = YES;
				CLANG_WARN_DIRECT_OBJC_ISA_USAGE = YES_ERROR;
				CLANG_WARN_DOCUMENTATION_COMMENTS = YES;
				CLANG_WARN_EMPTY_BODY = YES;
				CLANG_WARN_ENUM_CONVERSION = YES;
				CLANG_WARN_INFINITE_RECURSION = YES;
				CLANG_WARN_INT_CONVERSION = YES;
				CLANG_WARN_NON_LITERAL_NULL_CONVERSION = YES;
				CLANG_WARN_OBJC_IMPLICIT_RETAIN_SELF = YES;
				CLANG_WARN_OBJC_LITERAL_CONVERSION = YES;
				CLANG_WARN_OBJC_ROOT_CLASS = YES_ERROR;
				CLANG_WARN_QUOTED_INCLUDE_IN_FRAMEWORK_HEADER = YES;
				CLANG_WARN_RANGE_LOOP_ANALYSIS = YES;
				CLANG_WARN_STRICT_PROTOTYPES = YES;
				CLANG_WARN_SUSPICIOUS_MOVE = YES;
				CLANG_WARN_UNGUARDED_AVAILABILITY = YES_AGGRESSIVE;
				CLANG_WARN_UNREACHABLE_CODE = YES;
				CLANG_WARN__DUPLICATE_METHOD_MATCH = YES;
				COPY_PHASE_STRIP = NO;
				DEBUG_INFORMATION_FORMAT = dwarf;
				ENABLE_STRICT_OBJC_MSGSEND = YES;
				ENABLE_TESTABILITY = YES;
				GCC_C_LANGUAGE_STANDARD = gnu11;
				GCC_DYNAMIC_NO_PIC = NO;
				GCC_NO_COMMON_BLOCKS = YES;
				GCC_OPTIMIZATION_LEVEL = 0;
				GCC_PREPROCESSOR_DEFINITIONS = (
					"DEBUG=1",
					"$(inherited)",
				);
				GCC_WARN_64_TO_32_BIT_CONVERSION = YES;
				GCC_WARN_ABOUT_RETURN_TYPE = YES_ERROR;
				GCC_WARN_UNDECLARED_SELECTOR = YES;
				GCC_WARN_UNINITIALIZED_AUTOS = YES_AGGRESSIVE;
				GCC_WARN_UNUSED_FUNCTION = YES;
				GCC_WARN_UNUSED_VARIABLE = YES;
				IPHONEOS_DEPLOYMENT_TARGET = 16.1;
				MTL_ENABLE_DEBUG_INFO = INCLUDE_SOURCE;
				MTL_FAST_MATH = YES;
				ONLY_ACTIVE_ARCH = YES;
				SDKROOT = iphoneos;
				SWIFT_ACTIVE_COMPILATION_CONDITIONS = DEBUG;
				SWIFT_OPTIMIZATION_LEVEL = "-Onone";
			};
			name = Debug;
		};
		9FDA69422922F41A00325A36 /* Release */ = {
			isa = XCBuildConfiguration;
			buildSettings = {
				ALWAYS_SEARCH_USER_PATHS = NO;
				CLANG_ANALYZER_NONNULL = YES;
				CLANG_ANALYZER_NUMBER_OBJECT_CONVERSION = YES_AGGRESSIVE;
				CLANG_CXX_LANGUAGE_STANDARD = "gnu++20";
				CLANG_ENABLE_MODULES = YES;
				CLANG_ENABLE_OBJC_ARC = YES;
				CLANG_ENABLE_OBJC_WEAK = YES;
				CLANG_WARN_BLOCK_CAPTURE_AUTORELEASING = YES;
				CLANG_WARN_BOOL_CONVERSION = YES;
				CLANG_WARN_COMMA = YES;
				CLANG_WARN_CONSTANT_CONVERSION = YES;
				CLANG_WARN_DEPRECATED_OBJC_IMPLEMENTATIONS = YES;
				CLANG_WARN_DIRECT_OBJC_ISA_USAGE = YES_ERROR;
				CLANG_WARN_DOCUMENTATION_COMMENTS = YES;
				CLANG_WARN_EMPTY_BODY = YES;
				CLANG_WARN_ENUM_CONVERSION = YES;
				CLANG_WARN_INFINITE_RECURSION = YES;
				CLANG_WARN_INT_CONVERSION = YES;
				CLANG_WARN_NON_LITERAL_NULL_CONVERSION = YES;
				CLANG_WARN_OBJC_IMPLICIT_RETAIN_SELF = YES;
				CLANG_WARN_OBJC_LITERAL_CONVERSION = YES;
				CLANG_WARN_OBJC_ROOT_CLASS = YES_ERROR;
				CLANG_WARN_QUOTED_INCLUDE_IN_FRAMEWORK_HEADER = YES;
				CLANG_WARN_RANGE_LOOP_ANALYSIS = YES;
				CLANG_WARN_STRICT_PROTOTYPES = YES;
				CLANG_WARN_SUSPICIOUS_MOVE = YES;
				CLANG_WARN_UNGUARDED_AVAILABILITY = YES_AGGRESSIVE;
				CLANG_WARN_UNREACHABLE_CODE = YES;
				CLANG_WARN__DUPLICATE_METHOD_MATCH = YES;
				COPY_PHASE_STRIP = NO;
				DEBUG_INFORMATION_FORMAT = "dwarf-with-dsym";
				ENABLE_NS_ASSERTIONS = NO;
				ENABLE_STRICT_OBJC_MSGSEND = YES;
				GCC_C_LANGUAGE_STANDARD = gnu11;
				GCC_NO_COMMON_BLOCKS = YES;
				GCC_WARN_64_TO_32_BIT_CONVERSION = YES;
				GCC_WARN_ABOUT_RETURN_TYPE = YES_ERROR;
				GCC_WARN_UNDECLARED_SELECTOR = YES;
				GCC_WARN_UNINITIALIZED_AUTOS = YES_AGGRESSIVE;
				GCC_WARN_UNUSED_FUNCTION = YES;
				GCC_WARN_UNUSED_VARIABLE = YES;
				IPHONEOS_DEPLOYMENT_TARGET = 16.1;
				MTL_ENABLE_DEBUG_INFO = NO;
				MTL_FAST_MATH = YES;
				SDKROOT = iphoneos;
				SWIFT_COMPILATION_MODE = wholemodule;
				SWIFT_OPTIMIZATION_LEVEL = "-O";
				VALIDATE_PRODUCT = YES;
			};
			name = Release;
		};
		9FDA69442922F41A00325A36 /* Debug */ = {
			isa = XCBuildConfiguration;
			buildSettings = {
				ASSETCATALOG_COMPILER_APPICON_NAME = AppIcon;
				ASSETCATALOG_COMPILER_GLOBAL_ACCENT_COLOR_NAME = AccentColor;
				CODE_SIGN_STYLE = Automatic;
				CURRENT_PROJECT_VERSION = 1;
				DEVELOPMENT_ASSET_PATHS = "\"Landmarks/Preview Content\"";
				ENABLE_PREVIEWS = YES;
				GENERATE_INFOPLIST_FILE = YES;
				INFOPLIST_KEY_UIApplicationSceneManifest_Generation = YES;
				INFOPLIST_KEY_UIApplicationSupportsIndirectInputEvents = YES;
				INFOPLIST_KEY_UILaunchScreen_Generation = YES;
				INFOPLIST_KEY_UISupportedInterfaceOrientations_iPad = "UIInterfaceOrientationPortrait UIInterfaceOrientationPortraitUpsideDown UIInterfaceOrientationLandscapeLeft UIInterfaceOrientationLandscapeRight";
				INFOPLIST_KEY_UISupportedInterfaceOrientations_iPhone = "UIInterfaceOrientationPortrait UIInterfaceOrientationLandscapeLeft UIInterfaceOrientationLandscapeRight";
				LD_RUNPATH_SEARCH_PATHS = (
					"$(inherited)",
					"@executable_path/Frameworks",
				);
				MARKETING_VERSION = 1.0;
				PRODUCT_BUNDLE_IDENTIFIER = FOPW.Landmarks;
				PRODUCT_NAME = "$(TARGET_NAME)";
				SWIFT_EMIT_LOC_STRINGS = YES;
				SWIFT_VERSION = 5.0;
				TARGETED_DEVICE_FAMILY = "1,2";
			};
			name = Debug;
		};
		9FDA69452922F41A00325A36 /* Release */ = {
			isa = XCBuildConfiguration;
			buildSettings = {
				ASSETCATALOG_COMPILER_APPICON_NAME = AppIcon;
				ASSETCATALOG_COMPILER_GLOBAL_ACCENT_COLOR_NAME = AccentColor;
				CODE_SIGN_STYLE = Automatic;
				CURRENT_PROJECT_VERSION = 1;
				DEVELOPMENT_ASSET_PATHS = "\"Landmarks/Preview Content\"";
				ENABLE_PREVIEWS = YES;
				GENERATE_INFOPLIST_FILE = YES;
				INFOPLIST_KEY_UIApplicationSceneManifest_Generation = YES;
				INFOPLIST_KEY_UIApplicationSupportsIndirectInputEvents = YES;
				INFOPLIST_KEY_UILaunchScreen_Generation = YES;
				INFOPLIST_KEY_UISupportedInterfaceOrientations_iPad = "UIInterfaceOrientationPortrait UIInterfaceOrientationPortraitUpsideDown UIInterfaceOrientationLandscapeLeft UIInterfaceOrientationLandscapeRight";
				INFOPLIST_KEY_UISupportedInterfaceOrientations_iPhone = "UIInterfaceOrientationPortrait UIInterfaceOrientationLandscapeLeft UIInterfaceOrientationLandscapeRight";
				LD_RUNPATH_SEARCH_PATHS = (
					"$(inherited)",
					"@executable_path/Frameworks",
				);
				MARKETING_VERSION = 1.0;
				PRODUCT_BUNDLE_IDENTIFIER = FOPW.Landmarks;
				PRODUCT_NAME = "$(TARGET_NAME)";
				SWIFT_EMIT_LOC_STRINGS = YES;
				SWIFT_VERSION = 5.0;
				TARGETED_DEVICE_FAMILY = "1,2";
			};
			name = Release;
		};
		9FDA69472922F41A00325A36 /* Debug */ = {
			isa = XCBuildConfiguration;
			buildSettings = {
				ALWAYS_EMBED_SWIFT_STANDARD_LIBRARIES = YES;
				BUNDLE_LOADER = "$(TEST_HOST)";
				CODE_SIGN_STYLE = Automatic;
				CURRENT_PROJECT_VERSION = 1;
				GENERATE_INFOPLIST_FILE = YES;
				IPHONEOS_DEPLOYMENT_TARGET = 16.1;
				MARKETING_VERSION = 1.0;
				PRODUCT_BUNDLE_IDENTIFIER = FOPW.LandmarksTests;
				PRODUCT_NAME = "$(TARGET_NAME)";
				SWIFT_EMIT_LOC_STRINGS = NO;
				SWIFT_VERSION = 5.0;
				TARGETED_DEVICE_FAMILY = "1,2";
				TEST_HOST = "$(BUILT_PRODUCTS_DIR)/Landmarks.app/$(BUNDLE_EXECUTABLE_FOLDER_PATH)/Landmarks";
			};
			name = Debug;
		};
		9FDA69482922F41A00325A36 /* Release */ = {
			isa = XCBuildConfiguration;
			buildSettings = {
				ALWAYS_EMBED_SWIFT_STANDARD_LIBRARIES = YES;
				BUNDLE_LOADER = "$(TEST_HOST)";
				CODE_SIGN_STYLE = Automatic;
				CURRENT_PROJECT_VERSION = 1;
				GENERATE_INFOPLIST_FILE = YES;
				IPHONEOS_DEPLOYMENT_TARGET = 16.1;
				MARKETING_VERSION = 1.0;
				PRODUCT_BUNDLE_IDENTIFIER = FOPW.LandmarksTests;
				PRODUCT_NAME = "$(TARGET_NAME)";
				SWIFT_EMIT_LOC_STRINGS = NO;
				SWIFT_VERSION = 5.0;
				TARGETED_DEVICE_FAMILY = "1,2";
				TEST_HOST = "$(BUILT_PRODUCTS_DIR)/Landmarks.app/$(BUNDLE_EXECUTABLE_FOLDER_PATH)/Landmarks";
			};
			name = Release;
		};
		9FDA694A2922F41A00325A36 /* Debug */ = {
			isa = XCBuildConfiguration;
			buildSettings = {
				ALWAYS_EMBED_SWIFT_STANDARD_LIBRARIES = YES;
				CODE_SIGN_STYLE = Automatic;
				CURRENT_PROJECT_VERSION = 1;
				GENERATE_INFOPLIST_FILE = YES;
				MARKETING_VERSION = 1.0;
				PRODUCT_BUNDLE_IDENTIFIER = FOPW.LandmarksUITests;
				PRODUCT_NAME = "$(TARGET_NAME)";
				SWIFT_EMIT_LOC_STRINGS = NO;
				SWIFT_VERSION = 5.0;
				TARGETED_DEVICE_FAMILY = "1,2";
				TEST_TARGET_NAME = Landmarks;
			};
			name = Debug;
		};
		9FDA694B2922F41A00325A36 /* Release */ = {
			isa = XCBuildConfiguration;
			buildSettings = {
				ALWAYS_EMBED_SWIFT_STANDARD_LIBRARIES = YES;
				CODE_SIGN_STYLE = Automatic;
				CURRENT_PROJECT_VERSION = 1;
				GENERATE_INFOPLIST_FILE = YES;
				MARKETING_VERSION = 1.0;
				PRODUCT_BUNDLE_IDENTIFIER = FOPW.LandmarksUITests;
				PRODUCT_NAME = "$(TARGET_NAME)";
				SWIFT_EMIT_LOC_STRINGS = NO;
				SWIFT_VERSION = 5.0;
				TARGETED_DEVICE_FAMILY = "1,2";
				TEST_TARGET_NAME = Landmarks;
			};
			name = Release;
		};
/* End XCBuildConfiguration section */

/* Begin XCConfigurationList section */
		9FDA691A2922F41900325A36 /* Build configuration list for PBXProject "Landmarks" */ = {
			isa = XCConfigurationList;
			buildConfigurations = (
				9FDA69412922F41A00325A36 /* Debug */,
				9FDA69422922F41A00325A36 /* Release */,
			);
			defaultConfigurationIsVisible = 0;
			defaultConfigurationName = Release;
		};
		9FDA69432922F41A00325A36 /* Build configuration list for PBXNativeTarget "Landmarks" */ = {
			isa = XCConfigurationList;
			buildConfigurations = (
				9FDA69442922F41A00325A36 /* Debug */,
				9FDA69452922F41A00325A36 /* Release */,
			);
			defaultConfigurationIsVisible = 0;
			defaultConfigurationName = Release;
		};
		9FDA69462922F41A00325A36 /* Build configuration list for PBXNativeTarget "LandmarksTests" */ = {
			isa = XCConfigurationList;
			buildConfigurations = (
				9FDA69472922F41A00325A36 /* Debug */,
				9FDA69482922F41A00325A36 /* Release */,
			);
			defaultConfigurationIsVisible = 0;
			defaultConfigurationName = Release;
		};
		9FDA69492922F41A00325A36 /* Build configuration list for PBXNativeTarget "LandmarksUITests" */ = {
			isa = XCConfigurationList;
			buildConfigurations = (
				9FDA694A2922F41A00325A36 /* Debug */,
				9FDA694B2922F41A00325A36 /* Release */,
			);
			defaultConfigurationIsVisible = 0;
			defaultConfigurationName = Release;
		};
/* End XCConfigurationList section */
	};
	rootObject = 9FDA69172922F41900325A36 /* Project object */;
}
